
Microsoft Visual Studio Solution File, Format Version 12.00
# Visual Studio Version 16
VisualStudioVersion = 16.0.29503.13
MinimumVisualStudioVersion = 10.0.40219.1
Project("{9A19103F-16F7-4668-BE54-9A1E7A4F7556}") = "Assignment_WebShop_2", "Assignment_WebShop_2\Assignment_WebShop_2.csproj", "{8A0078E9-CE98-4679-9DF2-03543855B692}"
EndProject
Project("{9A19103F-16F7-4668-BE54-9A1E7A4F7556}") = "UnitTest", "UnitTest\UnitTest.csproj", "{851CC584-E12D-452E-8804-49105555A10F}"
EndProject
Project("{9A19103F-16F7-4668-BE54-9A1E7A4F7556}") = "Data", "Data\Data.csproj", "{E4BEBE5C-AA1F-4730-8B00-183E2739CBF9}"
EndProject
Project("{9A19103F-16F7-4668-BE54-9A1E7A4F7556}") = "WebAPI", "WebAPI\WebAPI.csproj", "{2B4628B1-0BEA-4A54-82E2-6D871DD1FC87}"
EndProject
Project("{FAE04EC0-301F-11D3-BF4B-00C04F79EFBC}") = "Client", "Client\Client.csproj", "{02AC1450-3C6B-44F9-AEBA-0FA396771AC8}"
EndProject
Global
	GlobalSection(SolutionConfigurationPlatforms) = preSolution
		Debug|Any CPU = Debug|Any CPU
		Release|Any CPU = Release|Any CPU
	EndGlobalSection
	GlobalSection(ProjectConfigurationPlatforms) = postSolution
		{8A0078E9-CE98-4679-9DF2-03543855B692}.Debug|Any CPU.ActiveCfg = Debug|Any CPU
		{8A0078E9-CE98-4679-9DF2-03543855B692}.Debug|Any CPU.Build.0 = Debug|Any CPU
		{8A0078E9-CE98-4679-9DF2-03543855B692}.Release|Any CPU.ActiveCfg = Release|Any CPU
		{8A0078E9-CE98-4679-9DF2-03543855B692}.Release|Any CPU.Build.0 = Release|Any CPU
		{851CC584-E12D-452E-8804-49105555A10F}.Debug|Any CPU.ActiveCfg = Debug|Any CPU
		{851CC584-E12D-452E-8804-49105555A10F}.Debug|Any CPU.Build.0 = Debug|Any CPU
		{851CC584-E12D-452E-8804-49105555A10F}.Release|Any CPU.ActiveCfg = Release|Any CPU
		{851CC584-E12D-452E-8804-49105555A10F}.Release|Any CPU.Build.0 = Release|Any CPU
		{E4BEBE5C-AA1F-4730-8B00-183E2739CBF9}.Debug|Any CPU.ActiveCfg = Debug|Any CPU
		{E4BEBE5C-AA1F-4730-8B00-183E2739CBF9}.Debug|Any CPU.Build.0 = Debug|Any CPU
		{E4BEBE5C-AA1F-4730-8B00-183E2739CBF9}.Release|Any CPU.ActiveCfg = Release|Any CPU
		{E4BEBE5C-AA1F-4730-8B00-183E2739CBF9}.Release|Any CPU.Build.0 = Release|Any CPU
		{2B4628B1-0BEA-4A54-82E2-6D871DD1FC87}.Debug|Any CPU.ActiveCfg = Debug|Any CPU
		{2B4628B1-0BEA-4A54-82E2-6D871DD1FC87}.Debug|Any CPU.Build.0 = Debug|Any CPU
		{2B4628B1-0BEA-4A54-82E2-6D871DD1FC87}.Release|Any CPU.ActiveCfg = Release|Any CPU
		{2B4628B1-0BEA-4A54-82E2-6D871DD1FC87}.Release|Any CPU.Build.0 = Release|Any CPU
		{02AC1450-3C6B-44F9-AEBA-0FA396771AC8}.Debug|Any CPU.ActiveCfg = Debug|Any CPU
		{02AC1450-3C6B-44F9-AEBA-0FA396771AC8}.Debug|Any CPU.Build.0 = Debug|Any CPU
		{02AC1450-3C6B-44F9-AEBA-0FA396771AC8}.Release|Any CPU.ActiveCfg = Release|Any CPU
		{02AC1450-3C6B-44F9-AEBA-0FA396771AC8}.Release|Any CPU.Build.0 = Release|Any CPU
	EndGlobalSection
	GlobalSection(SolutionProperties) = preSolution
		HideSolutionNode = FALSE
	EndGlobalSection
	GlobalSection(ExtensibilityGlobals) = postSolution
		SolutionGuid = {8BC946A6-208E-40DF-925B-BDE55090E2D5}
	EndGlobalSection
EndGlobal
